{
  "requires": true,
  "lockfileVersion": 1,
  "dependencies": {
    "jakoblumpkin-frame-print": {
      "version": "1.0.0",
      "resolved": "https://registry.npmjs.org/jakoblumpkin-frame-print/-/jakoblumpkin-frame-print-1.0.0.tgz",
      "integrity": "sha512-A5NwmMlFWWHyWqBQ06z53Of2UaxH867H5pBHyXWTmMdtgs49CyY61KbkDJX0xZxi0CbrA2+wMFYqOBZDyj1VgQ=="
    }
  }
}
